
Microsoft Visual Studio Solution File, Format Version 12.00
# Visual Studio Version 16
VisualStudioVersion = 16.0.29230.47
MinimumVisualStudioVersion = 10.0.40219.1
Project("{8BC9CEB8-8B4A-11D0-8D11-00A0C91BC942}") = "OSTask1", "OSTask1\OSTask1.vcxproj", "{E7CD4767-9B2D-4B6E-B532-4594D40FB803}"
EndProject
Global
	GlobalSection(SolutionConfigurationPlatforms) = preSolution
		Debug|x64 = Debug|x64
		Debug|x86 = Debug|x86
		Release|x64 = Release|x64
		Release|x86 = Release|x86
	EndGlobalSection
	GlobalSection(ProjectConfigurationPlatforms) = postSolution
		{E7CD4767-9B2D-4B6E-B532-4594D40FB803}.Debug|x64.ActiveCfg = Debug|x64
		{E7CD4767-9B2D-4B6E-B532-4594D40FB803}.Debug|x64.Build.0 = Debug|x64
		{E7CD4767-9B2D-4B6E-B532-4594D40FB803}.Debug|x86.ActiveCfg = Debug|Win32
		{E7CD4767-9B2D-4B6E-B532-4594D40FB803}.Debug|x86.Build.0 = Debug|Win32
		{E7CD4767-9B2D-4B6E-B532-4594D40FB803}.Release|x64.ActiveCfg = Release|x64
		{E7CD4767-9B2D-4B6E-B532-4594D40FB803}.Release|x64.Build.0 = Release|x64
		{E7CD4767-9B2D-4B6E-B532-4594D40FB803}.Release|x86.ActiveCfg = Release|Win32
		{E7CD4767-9B2D-4B6E-B532-4594D40FB803}.Release|x86.Build.0 = Release|Win32
	EndGlobalSection
	GlobalSection(SolutionProperties) = preSolution
		HideSolutionNode = FALSE
	EndGlobalSection
	GlobalSection(ExtensibilityGlobals) = postSolution
		SolutionGuid = {8B9323A9-CFEB-4444-91A1-D956AD4B07F6}
	EndGlobalSection
EndGlobal
